
Microsoft Visual Studio Solution File, Format Version 12.00
# Visual Studio Version 16
VisualStudioVersion = 16.0.31424.327
MinimumVisualStudioVersion = 10.0.40219.1
Project("{9A19103F-16F7-4668-BE54-9A1E7A4F7556}") = "Pruebas_CodeChallenge", "Pruebas_CodeChallenge\Pruebas_CodeChallenge.csproj", "{ABB34BCE-68EF-4BF9-81D0-4C376AB34D96}"
EndProject
Project("{FAE04EC0-301F-11D3-BF4B-00C04F79EFBC}") = "pruebas", "pruebas\pruebas.csproj", "{716F4EEB-9A37-4209-87FB-473AAEA28C10}"
EndProject
Global
	GlobalSection(SolutionConfigurationPlatforms) = preSolution
		Debug|Any CPU = Debug|Any CPU
		Release|Any CPU = Release|Any CPU
	EndGlobalSection
	GlobalSection(ProjectConfigurationPlatforms) = postSolution
		{ABB34BCE-68EF-4BF9-81D0-4C376AB34D96}.Debug|Any CPU.ActiveCfg = Debug|Any CPU
		{ABB34BCE-68EF-4BF9-81D0-4C376AB34D96}.Debug|Any CPU.Build.0 = Debug|Any CPU
		{ABB34BCE-68EF-4BF9-81D0-4C376AB34D96}.Release|Any CPU.ActiveCfg = Release|Any CPU
		{ABB34BCE-68EF-4BF9-81D0-4C376AB34D96}.Release|Any CPU.Build.0 = Release|Any CPU
		{716F4EEB-9A37-4209-87FB-473AAEA28C10}.Debug|Any CPU.ActiveCfg = Debug|Any CPU
		{716F4EEB-9A37-4209-87FB-473AAEA28C10}.Debug|Any CPU.Build.0 = Debug|Any CPU
		{716F4EEB-9A37-4209-87FB-473AAEA28C10}.Release|Any CPU.ActiveCfg = Release|Any CPU
		{716F4EEB-9A37-4209-87FB-473AAEA28C10}.Release|Any CPU.Build.0 = Release|Any CPU
	EndGlobalSection
	GlobalSection(SolutionProperties) = preSolution
		HideSolutionNode = FALSE
	EndGlobalSection
	GlobalSection(ExtensibilityGlobals) = postSolution
		SolutionGuid = {7CBF9930-4871-407D-ACD0-A6D368FECA40}
	EndGlobalSection
EndGlobal
